
Microsoft Visual Studio Solution File, Format Version 12.00
# Visual Studio Version 16
VisualStudioVersion = 16.0.31205.134
MinimumVisualStudioVersion = 10.0.40219.1
Project("{FAE04EC0-301F-11D3-BF4B-00C04F79EFBC}") = "CourceProjectCryptography", "CourceProjectCryptography\CourceProjectCryptography.csproj", "{434B1DD7-BE75-4B7C-B698-0E31A71C7D96}"
EndProject
Project("{FAE04EC0-301F-11D3-BF4B-00C04F79EFBC}") = "СryptographyAlg", "СryptographyAlg\СryptographyAlg.csproj", "{7F9D248C-7679-4E2A-AA0C-BCE11C097FF4}"
EndProject
Project("{FAE04EC0-301F-11D3-BF4B-00C04F79EFBC}") = "FTPMethods", "ClassFTP\FTPMethods.csproj", "{94067901-A657-4F28-84E6-3C4E7BAA2228}"
EndProject
Global
	GlobalSection(SolutionConfigurationPlatforms) = preSolution
		Debug|Any CPU = Debug|Any CPU
		Release|Any CPU = Release|Any CPU
	EndGlobalSection
	GlobalSection(ProjectConfigurationPlatforms) = postSolution
		{434B1DD7-BE75-4B7C-B698-0E31A71C7D96}.Debug|Any CPU.ActiveCfg = Debug|Any CPU
		{434B1DD7-BE75-4B7C-B698-0E31A71C7D96}.Debug|Any CPU.Build.0 = Debug|Any CPU
		{434B1DD7-BE75-4B7C-B698-0E31A71C7D96}.Release|Any CPU.ActiveCfg = Release|Any CPU
		{434B1DD7-BE75-4B7C-B698-0E31A71C7D96}.Release|Any CPU.Build.0 = Release|Any CPU
		{7F9D248C-7679-4E2A-AA0C-BCE11C097FF4}.Debug|Any CPU.ActiveCfg = Debug|Any CPU
		{7F9D248C-7679-4E2A-AA0C-BCE11C097FF4}.Debug|Any CPU.Build.0 = Debug|Any CPU
		{7F9D248C-7679-4E2A-AA0C-BCE11C097FF4}.Release|Any CPU.ActiveCfg = Release|Any CPU
		{7F9D248C-7679-4E2A-AA0C-BCE11C097FF4}.Release|Any CPU.Build.0 = Release|Any CPU
		{94067901-A657-4F28-84E6-3C4E7BAA2228}.Debug|Any CPU.ActiveCfg = Debug|Any CPU
		{94067901-A657-4F28-84E6-3C4E7BAA2228}.Debug|Any CPU.Build.0 = Debug|Any CPU
		{94067901-A657-4F28-84E6-3C4E7BAA2228}.Release|Any CPU.ActiveCfg = Release|Any CPU
		{94067901-A657-4F28-84E6-3C4E7BAA2228}.Release|Any CPU.Build.0 = Release|Any CPU
	EndGlobalSection
	GlobalSection(SolutionProperties) = preSolution
		HideSolutionNode = FALSE
	EndGlobalSection
	GlobalSection(ExtensibilityGlobals) = postSolution
		SolutionGuid = {148BEB6A-C7E9-48D8-BAAF-62843E0D6ACC}
	EndGlobalSection
EndGlobal
